# This file is automatically @generated by Poetry 2.4.1 and should not be changed by hand.

[[package]]
name = "colorama"
version = "0.4.6"
description = "Cross-platform colored terminal text."
optional = false
python-versions = "!=3.0.*,!=3.1.*,!=3.2.*,!=3.3.*,!=3.4.*,!=3.5.*,!=3.6.*,>=2.7"
groups = ["main"]
files = [
    {file = "colorama-0.4.6-py2.py3-none-any.whl", hash = "sha256:4f1d9991f5acc0ca119f9d443620b77f9d6b33703e51011c16baf57afb285fc6"},
    {file = "colorama-0.4.6.tar.gz", hash = "sha256:08695f5cb7ed6e0531a20572697297273c47b8cae5a63ffc6d6ed5c201be6e44"},
]

[[package]]
name = "cxxfilt"
version = "0.3.0"
description = "Python interface to c++filt / abi::__cxa_demangle"
optional = false
python-versions = "*"
groups = ["main"]
files = [
    {file = "cxxfilt-0.3.0-py2.py3-none-any.whl", hash = "sha256:774e85a8d0157775ed43276d89397d924b104135762d86b3a95f81f203094e07"},
    {file = "cxxfilt-0.3.0.tar.gz", hash = "sha256:7df6464ba5e8efbf0d8974c0b2c78b32546676f06059a83515dbdfa559b34214"},
]

[package.extras]
test = ["pytest (>=3.0.0)"]

[[package]]
name = "gitdb"
version = "4.0.12"
description = "Git Object Database"
optional = false
python-versions = ">=3.7"
groups = ["main"]
files = [
    {file = "gitdb-4.0.12-py3-none-any.whl", hash = "sha256:67073e15955400952c6565cc3e707c554a4eea2e428946f7a4c162fab9bd9bcf"},
    {file = "gitdb-4.0.12.tar.gz", hash = "sha256:5ef71f855d191a3326fcfbc0d5da835f26b13fbcba60c32c21091c349ffdb571"},
]

[package.dependencies]
smmap = ">=3.0.1,<6"

[[package]]
name = "gitpython"
version = "3.1.62"
description = "GitPython is a Python library used to interact with Git repositories"
optional = false
python-versions = ">=3.7"
groups = ["main"]
files = [
    {file = "gitpython-3.1.62-py3-none-any.whl", hash = "sha256:7002251225e10e29d2e1f49e6532613fe5d5d9f0b6f1f02997a52b38fe56899e"},
    {file = "gitpython-3.1.62.tar.gz", hash = "sha256:1791de66309bc0c7cfca40bf8d2e3de7ca091cbf94e6051be1ad0722c61062af"},
]

[package.dependencies]
gitdb = ">=4.0.1,<5"

[package.extras]
doc = ["sphinx (>=7.4.7,<8)", "sphinx-autodoc-typehints", "sphinx_rtd_theme"]
test = ["basedpyright (==1.39.9) ; python_version >= \"3.9\" and sys_platform != \"cygwin\"", "coverage[toml]", "ddt (>=1.1.1,!=1.4.3)", "mock ; python_version < \"3.8\"", "mypy (==1.18.2) ; python_version >= \"3.9\"", "pre-commit", "pytest (>=7.3.1)", "pytest-cov", "pytest-instafail", "pytest-mock", "pytest-sugar", "typing-extensions ; python_version < \"3.11\""]

[[package]]
name = "levenshtein"
version = "0.27.4"
description = "Python extension for computing string edit distances and similarities."
optional = false
python-versions = ">=3.10"
groups = ["main"]
files = [
    {file = "levenshtein-0.27.4-cp310-cp310-macosx_10_9_x86_64.whl", hash = "sha256:e83fb7ab79a0c7d2fa03f5066640e9185b54faa6e0bc1c5d927e3ea1b7708c32"},
    {file = "levenshtein-0.27.4-cp310-cp310-macosx_11_0_arm64.whl", hash = "sha256:713664defd108ede005c311de30a14d32e18a86b78e4d64bab3c9c2048275dba"},
    {file = "levenshtein-0.27.4-cp310-cp310-manylinux_2_24_aarch64.manylinux_2_28_aarch64.whl", hash = "sha256:e12e84cbbcb17d2764eb3e62d23338c5c4ab3778c10395ddc9236bdfec96c98e"},
    {file = "levenshtein-0.27.4-cp310-cp310-manylinux_2_24_armv7l.manylinux_2_31_armv7l.whl", hash = "sha256:627613f15f9a3a4a81db9a659dae9e768e794272b08afdf23522faef73fa6481"},
    {file = "levenshtein-0.27.4-cp310-cp310-manylinux_2_24_x86_64.manylinux_2_28_x86_64.whl", hash = "sha256:c910164fca400d7bf320802831e2df4bed40b95497cdaca825d49b2838b940cf"},
    {file = "levenshtein-0.27.4-cp310-cp310-musllinux_1_2_aarch64.whl", hash = "sha256:ac57c23e6c45cc1d60eb957acb01e4b733c45d9241498a24cfa586d78359ea1c"},
    {file = "levenshtein-0.27.4-cp310-cp310-musllinux_1_2_armv7l.whl", hash = "sha256:2ca024d6d0a33943cce814219809ad43d03ee58e9a0d138cbf5fc4fe127093cf"},
    {file = "levenshtein-0.27.4-cp310-cp310-musllinux_1_2_x86_64.whl", hash = "sha256:7b13425d4e4bf41ed1bc54401a59b4c7ede3b781cebcf95d5ba4dd2890f12dd5"},
    {file = "levenshtein-0.27.4-cp310-cp310-win32.whl", hash = "sha256:7fe41767fdd102f50843fcc52458b3e0376a53b97f736abfb2ffccd56de5a92d"},
    {file = "levenshtein-0.27.4-cp310-cp310-win_amd64.whl", hash = "sha256:e2c69129ee68b376d7fb8e14bd33a5cc5a6548aefee6eb3b37c84f751117126e"},
    {file = "levenshtein-0.27.4-cp310-cp310-win_arm64.whl", hash = "sha256:f7af9248c56433fafeeb3e62897c2ff4052d8292066d499e2ae35242b6e1f4bb"},
    {file = "levenshtein-0.27.4-cp311-cp311-macosx_10_9_x86_64.whl", hash = "sha256:b5935dd0e5ee6eede5c5879377f938f3bff7bbe25d48b9b87fa9d907215b247a"},
    {file = "levenshtein-0.27.4-cp311-cp311-macosx_11_0_arm64.whl", hash = "sha256:852955f6e3d9edcd365363b9a9ba97ae96bfb29acf923217b29aab6b38f87b74"},
    {file = "levenshtein-0.27.4-cp311-cp311-manylinux_2_24_aarch64.manylinux_2_28_aarch64.whl", hash = "sha256:e3d2a355cf9d8c48058349b594841e3c60b5abfbb5de98077b9eb2b1e757fff8"},
    {file = "levenshtein-0.27.4-cp311-cp311-manylinux_2_24_armv7l.manylinux_2_31_armv7l.whl", hash = "sha256:571a8b7d30c59b3e033c883c1486c88bc7515cd49d866abd5c9bf8391fba2ac5"},
    {file = "levenshtein-0.27.4-cp311-cp311-manylinux_2_24_x86_64.manylinux_2_28_x86_64.whl", hash = "sha256:f1e57bf29324e16b07949b917aa0655c826f44896c3e4db6af7b7d9770b7ee30"},
    {file = "levenshtein-0.27.4-cp311-cp311-musllinux_1_2_aarch64.whl", hash = "sha256:61e2eeadaf4503a95bdfa5821a82f8e41a840a03bde467f80162f046ebb388fd"},
    {file = "levenshtein-0.27.4-cp311-cp311-musllinux_1_2_armv7l.whl", hash = "sha256:57d34c9680a5fcec8893f8613ddfcc9c542ca0e6b5e560c78919004ed57b480f"},
    {file = "levenshtein-0.27.4-cp311-cp311-musllinux_1_2_x86_64.whl", hash = "sha256:5f4938fc14f2c83fc6945513fcecb4eaf34edc8820b2e6bd4d1bfa41d06b23f4"},
    {file = "levenshtein-0.27.4-cp311-cp311-win32.whl", hash = "sha256:867dd5afac5063e59ef2038e281d7cfb865b04a002cdd012c23b7b19dbb5be0e"},
    {file = "levenshtein-0.27.4-cp311-cp311-win_amd64.whl", hash = "sha256:b24df629ce4bccac4bbcf1933be092acb74a7bb85ca4b60fc47a7e6b156f9a4d"},
    {file = "levenshtein-0.27.4-cp311-cp311-win_arm64.whl", hash = "sha256:4123b8eb65048f51146d8d450ec6dc1c35efbe7b26707b5fd75b8bfd3987ac02"},
    {file = "levenshtein-0.27.4-cp312-cp312-macosx_10_13_x86_64.whl", hash = "sha256:75a77c97b3548cc7d244af1c0aeaac1d3182226e4f94e0ff0935789c965398d9"},
    {file = "levenshtein-0.27.4-cp312-cp312-macosx_11_0_arm64.whl", hash = "sha256:1bd46d86c6f3558136c5e868ae3d99d9bbbe7f07f05162044f53571ceabf532d"},
    {file = "levenshtein-0.27.4-cp312-cp312-manylinux_2_24_aarch64.manylinux_2_28_aarch64.whl", hash = "sha256:43d038019f592e54f65c857b36d91d73843ebef51a8fc04d0ad32d322ec7fc16"},
    {file = "levenshtein-0.27.4-cp312-cp312-manylinux_2_24_armv7l.manylinux_2_31_armv7l.whl", hash = "sha256:a5daa4a0a9ae82c2800e9ed2df4ce339d21976fa0de68be0e904836b4069d744"},
    {file = "levenshtein-0.27.4-cp312-cp312-manylinux_2_24_x86_64.manylinux_2_28_x86_64.whl", hash = "sha256:6b2b97dc4986616e857df440a2a3425525a874b3a3cecea8a6316a73a14d5cec"},
    {file = "levenshtein-0.27.4-cp312-cp312-musllinux_1_2_aarch64.whl", hash = "sha256:9da450f1bc0d860c8796b7be0a19a2f3c38eddfbcc7fcc2bb6eeb95f8c16d86c"},
    {file = "levenshtein-0.27.4-cp312-cp312-musllinux_1_2_armv7l.whl", hash = "sha256:e2061d8aeb940762bfa6f75face75b0c88cad44c3066815ca4038f6720f9b2b1"},
    {file = "levenshtein-0.27.4-cp312-cp312-musllinux_1_2_x86_64.whl", hash = "sha256:0c43c9c08aa0f40f5329300838e412b15cd6c4777edd081cf8fd5b3d8b1532c0"},
    {file = "levenshtein-0.27.4-cp312-cp312-win32.whl", hash = "sha256:c9956028bf43365f52fbba09ace0a88cfb9e1dac5bfc4251ae78f2c1b5232597"},
    {file = "levenshtein-0.27.4-cp312-cp312-win_amd64.whl", hash = "sha256:b6b4e609d558ce8cc5265f101a5961339746311e40827f8c3e4474b4b7a1529b"},
    {file = "levenshtein-0.27.4-cp312-cp312-win_arm64.whl", hash = "sha256:e617740f81adf395efacbaa9e78257ea231c42071a81732de568295cb775c0bd"},
    {file = "levenshtein-0.27.4-cp313-cp313-macosx_10_13_x86_64.whl", hash = "sha256:8251a1aa9e8a5f44fce1a568a21778c78dc68b55ef12a211218e05d57bc064ec"},
    {file = "levenshtein-0.27.4-cp313-cp313-macosx_11_0_arm64.whl", hash = "sha256:f139f585222e6035086c56b797f7b10fbbc836d18089a4dcd29c812e7644836f"},
    {file = "levenshtein-0.27.4-cp313-cp313-manylinux_2_24_aarch64.manylinux_2_28_aarch64.whl", hash = "sha256:04b1e1c8beb018ccb9488dd2735bd3a363f38038a84cb639fc5d9fc8234e3905"},
    {file = "levenshtein-0.27.4-cp313-cp313-manylinux_2_24_armv7l.manylinux_2_31_armv7l.whl", hash = "sha256:bf47cc38c8d58640e8d36905725cf8311f4e227412fa978df791d52bee4c6c54"},
    {file = "levenshtein-0.27.4-cp313-cp313-manylinux_2_24_x86_64.manylinux_2_28_x86_64.whl", hash = "sha256:4f54c2e48821f55d364d976126be5b37fb91e147d4bac5eab0a17459a5bbbe20"},
    {file = "levenshtein-0.27.4-cp313-cp313-musllinux_1_2_aarch64.whl", hash = "sha256:de0a4beb4f821aa0bf8dc8529694ba77dc3cbdf47b4e8805fdd3289482bfeee6"},
    {file = "levenshtein-0.27.4-cp313-cp313-musllinux_1_2_armv7l.whl", hash = "sha256:a6f1bd018880093899ff7ac72edf05984a1c0504e75146a650bc8d282a79a992"},
    {file = "levenshtein-0.27.4-cp313-cp313-musllinux_1_2_x86_64.whl", hash = "sha256:fd0c27275a04f7771a70808e57e4630ac4357de7510c899c4be4ee933debeb7c"},
    {file = "levenshtein-0.27.4-cp313-cp313-win32.whl", hash = "sha256:02f9fd7a90fada0b0a66a16dc854fa60a466c49aeaf289c8a94c6cdae4150b89"},
    {file = "levenshtein-0.27.4-cp313-cp313-win_amd64.whl", hash = "sha256:d364163c93bbacebdc18a19b9a9f0bc8f0b9573e48be056f01944ddfbe4d90e5"},
    {file = "levenshtein-0.27.4-cp313-cp313-win_arm64.whl", hash = "sha256:18e4f373634940e202bb9517254a8b475afd50505c6bbf0844407c2bd08355de"},
    {file = "levenshtein-0.27.4-cp314-cp314-macosx_10_15_x86_64.whl", hash = "sha256:38b1f8c34dacd5b5ad5ab9c361039370e35a2f79b9b679c25f11534290207a43"},
    {file = "levenshtein-0.27.4-cp314-cp314-macosx_11_0_arm64.whl", hash = "sha256:61d484fc0e8e4f5cc06b7ddded68751bd9fadcd14ba2b02ee6fe173bdf081a16"},
    {file = "levenshtein-0.27.4-cp314-cp314-manylinux_2_24_aarch64.manylinux_2_28_aarch64.whl", hash = "sha256:b10a8390c9b3c9bdc2400ba2d79a20c19c94c54b2f4e8976c9d2319fce891bf5"},
    {file = "levenshtein-0.27.4-cp314-cp314-manylinux_2_24_armv7l.manylinux_2_31_armv7l.whl", hash = "sha256:b570ced6ae4ce35709cf06dc1c4f8cf623b87354ad838c9d15284373ab3ebadc"},
    {file = "levenshtein-0.27.4-cp314-cp314-manylinux_2_24_x86_64.manylinux_2_28_x86_64.whl", hash = "sha256:d36b6e6e5ca14cde39f7aed2af825038bf9b4e7bfc46b9a30c4d8dd4f9b22b02"},
    {file = "levenshtein-0.27.4-cp314-cp314-musllinux_1_2_aarch64.whl", hash = "sha256:18e8c02c5c9423615906eb7e95803e1ba857701c7fe6101da0df4b45bb0467f5"},
    {file = "levenshtein-0.27.4-cp314-cp314-musllinux_1_2_armv7l.whl", hash = "sha256:667b975f05f8f845bd6158ccf82bf0aa8912b9e88fe7800d49ce88e413f9aa61"},
    {file = "levenshtein-0.27.4-cp314-cp314-musllinux_1_2_x86_64.whl", hash = "sha256:a5a630503786a14b11a0e0fbbfe7ae91189f54e357fab38a7bf5f5ec3a838e37"},
    {file = "levenshtein-0.27.4-cp314-cp314-win32.whl", hash = "sha256:5951795b568cc756ae61b7fbcc9f8cdc55c4476a43fdb9fef4f8cdb4b4cd9e3e"},
    {file = "levenshtein-0.27.4-cp314-cp314-win_amd64.whl", hash = "sha256:a9b1b25d559c2c322603e3a5edaa2beacb156c34fd5ee78351d49963aa0d0764"},
    {file = "levenshtein-0.27.4-cp314-cp314-win_arm64.whl", hash = "sha256:64619c1674a8eb37dbeda7fe397a858d3cf6447d1a1c479d37ce4165bbfd3971"},
    {file = "levenshtein-0.27.4-cp314-cp314t-macosx_10_15_x86_64.whl", hash = "sha256:6b380f5f0aa3bc3b80b4b91ba57bf38a8b1e1dc087a1c4677a55c5ca6b2cfdfc"},
    {file = "levenshtein-0.27.4-cp314-cp314t-macosx_11_0_arm64.whl", hash = "sha256:34615d2b8b17471dcb7175a0e4ebe355a0791ce364bb9470c559d24c831c9bea"},
    {file = "levenshtein-0.27.4-cp314-cp314t-manylinux_2_24_aarch64.manylinux_2_28_aarch64.whl", hash = "sha256:23d58bf0089a737ec982e259da98a8856d80dda13b05ee0baab01b0596d6b145"},
    {file = "levenshtein-0.27.4-cp314-cp314t-manylinux_2_24_armv7l.manylinux_2_31_armv7l.whl", hash = "sha256:4b3830767fd2a9b68698be458397cee4cec409c8d8992074baaffc0576a89d10"},
    {file = "levenshtein-0.27.4-cp314-cp314t-manylinux_2_24_x86_64.manylinux_2_28_x86_64.whl", hash = "sha256:6a410d7fcdbd76ee483d02e5825980c3d06254c4001d95d251bfaf9c14477b4e"},
    {file = "levenshtein-0.27.4-cp314-cp314t-musllinux_1_2_aarch64.whl", hash = "sha256:9f04ece487bf4212d91784a476533a5bda1701f71a12e50487869dc42787ea30"},
    {file = "levenshtein-0.27.4-cp314-cp314t-musllinux_1_2_armv7l.whl", hash = "sha256:8e5b53fa96318beb2a5d72be3d6cac23759eaacf537843e3e1a80ee345dc5b9f"},
    {file = "levenshtein-0.27.4-cp314-cp314t-musllinux_1_2_x86_64.whl", hash = "sha256:12379e482aef24b0a3c38b41669b88f8c9edcac7301367dc52449071f0d1a2e1"},
    {file = "levenshtein-0.27.4-cp314-cp314t-win32.whl", hash = "sha256:7d180894a008367953cf076525421a5488619ce1c4636c9d34b1c836bf8bee03"},
    {file = "levenshtein-0.27.4-cp314-cp314t-win_amd64.whl", hash = "sha256:8ff7e95d8fff15a0889e2305274b089cb4726bd545952e17e06382a3a9da083c"},
    {file = "levenshtein-0.27.4-cp314-cp314t-win_arm64.whl", hash = "sha256:4416e14abcae7394647b0c57aa2ca00d96e99c53c4a1a4cc23745f8eb7412909"},
    {file = "levenshtein-0.27.4-pp311-pypy311_pp73-macosx_10_15_x86_64.whl", hash = "sha256:2341edccd51adc715bd34efa274e90d353d1917f4a740656a66fe0280df8e77d"},
    {file = "levenshtein-0.27.4-pp311-pypy311_pp73-macosx_11_0_arm64.whl", hash = "sha256:cf230f6f59ae63e7383beb57dd50c8a0ea84c9aad0904e677c7cde32c72c9c57"},
    {file = "levenshtein-0.27.4-pp311-pypy311_pp73-manylinux_2_24_aarch64.manylinux_2_28_aarch64.whl", hash = "sha256:9ffdd22f8a55d47d9de20ec17b169369f865f7e60770b8489ef3f68dddee3e6b"},
    {file = "levenshtein-0.27.4-pp311-pypy311_pp73-manylinux_2_24_x86_64.manylinux_2_28_x86_64.whl", hash = "sha256:3332732a1b47c4e5538271fa3545377703c70a24bbe18888c1a2e5a3d9a86fc5"},
    {file = "levenshtein-0.27.4-pp311-pypy311_pp73-win_amd64.whl", hash = "sha256:39676fa9fdb625094daa8aad3969d33ced483cb0c5f3d81973cd0a78571e6be2"},
    {file = "levenshtein-0.27.4.tar.gz", hash = "sha256:3df1c12bf5e485774d6387f3894271ef3724414ecc20dd238ae4d2333e093c83"},
]

[package.dependencies]
rapidfuzz = ">=3.9.0,<4.0.0"

[[package]]
name = "oead"
version = "1.3.0"
description = "Library for recent Nintendo EAD formats in first-party games"
optional = false
python-versions = ">=3.10"
groups = ["main"]
files = [
    {file = "oead-1.3.0-cp310-cp310-macosx_10_14_x86_64.whl", hash = "sha256:8524bbdbf9589461a84d1a7a4a883e7a763244138759d00480e70f724d7edb6b"},
    {file = "oead-1.3.0-cp310-cp310-macosx_11_0_arm64.whl", hash = "sha256:719776ce5296fa1d34dfafb08b687b0d197ec11b3a8275f4545599ce468f9d57"},
    {file = "oead-1.3.0-cp310-cp310-manylinux_2_27_x86_64.manylinux_2_28_x86_64.whl", hash = "sha256:cb9f119b01c5ef0cc224a4257013bd138866a6399fc5b466fd2d5d3d7e535e11"},
    {file = "oead-1.3.0-cp310-cp310-musllinux_1_2_x86_64.whl", hash = "sha256:c3e4b1b30487a80337b641136a2deda423689b0a64afd69a613177d71313065f"},
    {file = "oead-1.3.0-cp310-cp310-win_amd64.whl", hash = "sha256:4884d8faf1879210628712d5d4e2a33d9a72c2e85fe13c53f0cbc615dc0630e1"},
    {file = "oead-1.3.0-cp311-cp311-macosx_10_14_x86_64.whl", hash = "sha256:ba31902b3897f2bfa1d26a2577d16e38818274c2a07b3647e399c153c73be207"},
    {file = "oead-1.3.0-cp311-cp311-macosx_11_0_arm64.whl", hash = "sha256:c944e1e3ce9781a2977b56386aadbe02afc24485a0516114f5a70362dbe1470a"},
    {file = "oead-1.3.0-cp311-cp311-manylinux_2_27_x86_64.manylinux_2_28_x86_64.whl", hash = "sha256:18aaebd4eac30a6432914543d3d012d7dda5942166f4c3c7c4ce2a6c4b3d9b7a"},
    {file = "oead-1.3.0-cp311-cp311-musllinux_1_2_x86_64.whl", hash = "sha256:1fac38bde1f15ab8ce5728af02da86dd638ec85e2314a5f6e63978225466ee06"},
    {file = "oead-1.3.0-cp311-cp311-win_amd64.whl", hash = "sha256:4985ebddec222432d667720a45a60473dca3901e983b17d7b13d1e1464bd26a2"},
    {file = "oead-1.3.0-cp312-cp312-macosx_10_14_x86_64.whl", hash = "sha256:6d986fbbff9974efb87f56e807d92fdbe7af8876916360f0e544236b0e8df96e"},
    {file = "oead-1.3.0-cp312-cp312-macosx_11_0_arm64.whl", hash = "sha256:546ee8af08ddf5038d8005605f3393f6d21b3edc9e66c24e571e8357f023c13c"},
    {file = "oead-1.3.0-cp312-cp312-manylinux_2_27_x86_64.manylinux_2_28_x86_64.whl", hash = "sha256:71dfb3119827ebdda067ff197c7af3229095a3670ff313bb58fab54b5685fed6"},
    {file = "oead-1.3.0-cp312-cp312-musllinux_1_2_x86_64.whl", hash = "sha256:ab19687cc1d9353874b5d636ab52a8bd8f3c8b80fec8c59da4f9601f6fdf3c28"},
    {file = "oead-1.3.0-cp312-cp312-win_amd64.whl", hash = "sha256:818f15bf6eb814d4faa535593952ae98580ed89da1529c1d2dda913b7bf31578"},
    {file = "oead-1.3.0-cp313-cp313-macosx_10_14_x86_64.whl", hash = "sha256:2e2ddee96619a34a9c80de9b375b40eba0c1501e20f0281d1683884399ae09ee"},
    {file = "oead-1.3.0-cp313-cp313-macosx_11_0_arm64.whl", hash = "sha256:7112f2517c05612664d0a367931615be3eabe1cd078900230a80d4cadfa18237"},
    {file = "oead-1.3.0-cp313-cp313-manylinux_2_27_x86_64.manylinux_2_28_x86_64.whl", hash = "sha256:33ac53c79336c7fb2746d71305c61e212edde3bef4412fbdd11daefabe0c784f"},
    {file = "oead-1.3.0-cp313-cp313-musllinux_1_2_x86_64.whl", hash = "sha256:4e32d03b81428ab1f1dd0b82b6c7d9b11d68dce30a86c4f6a54f12db846ada09"},
    {file = "oead-1.3.0-cp313-cp313-win_amd64.whl", hash = "sha256:f67427978de8e02d69991d3afc843f1a40ec173c2ceea8250b1e42b1b75a91bb"},
    {file = "oead-1.3.0-cp314-cp314-macosx_10_15_x86_64.whl", hash = "sha256:55ed5c5db070e0578ce21be1a1b7c73f0a42e356d7b0b48363ee4eb2e84e2124"},
    {file = "oead-1.3.0-cp314-cp314-macosx_11_0_arm64.whl", hash = "sha256:c4a2b8dff10911deb43426574ebfb8da30c1509b957b3b620898b2cacfdd448f"},
    {file = "oead-1.3.0-cp314-cp314-manylinux_2_27_x86_64.manylinux_2_28_x86_64.whl", hash = "sha256:26b2d639e5ade2adde7198492c452f0bfb2da667be4012d65f247454af242788"},
    {file = "oead-1.3.0-cp314-cp314-musllinux_1_2_x86_64.whl", hash = "sha256:58c8b611cfeae18cf27be44766669954b26317ef5f8c76fbb6a61c4e0d0b8b03"},
    {file = "oead-1.3.0-cp314-cp314-win_amd64.whl", hash = "sha256:e78a22059b94aa1aececc8fc294ad9428f831d8a6e59869ad1bdff2a0be6fd78"},
    {file = "oead-1.3.0-cp315-cp315-macosx_10_15_x86_64.whl", hash = "sha256:8ae78203de270085e35f80ad9f6d58c67e20ddfe07fe5619882cd16b72d3fc7b"},
    {file = "oead-1.3.0-cp315-cp315-macosx_11_0_arm64.whl", hash = "sha256:48193e40485e25b46838a91c19f6d1838bab3e3fae66434441f5ce10b6b02da3"},
    {file = "oead-1.3.0-cp315-cp315-manylinux_2_27_x86_64.manylinux_2_28_x86_64.whl", hash = "sha256:6d5d0dc3df95d61796f4907b905313b844f36773c4f22a942dfff17d617a1270"},
    {file = "oead-1.3.0-cp315-cp315-musllinux_1_2_x86_64.whl", hash = "sha256:d6d4e08cf9d2d42f0511cb44a023d8016e3d3fd8968b73b0786c8a5a63594fc4"},
    {file = "oead-1.3.0-cp315-cp315-win_amd64.whl", hash = "sha256:dc145101b51edc4c3014db89009c85a984a79c159cc6afd983fb59b2e7b9bbe5"},
    {file = "oead-1.3.0.tar.gz", hash = "sha256:87145c68dcddec8967fd56565e057cbbb83382554d744fbb5b38295b0dfa615f"},
]

[[package]]
name = "pyyaml"
version = "6.0.3"
description = "YAML parser and emitter for Python"
optional = false
python-versions = ">=3.8"
groups = ["main"]
files = [
    {file = "PyYAML-6.0.3-cp38-cp38-macosx_10_13_x86_64.whl", hash = "sha256:c2514fceb77bc5e7a2f7adfaa1feb2fb311607c9cb518dbc378688ec73d8292f"},
    {file = "PyYAML-6.0.3-cp38-cp38-manylinux2014_aarch64.manylinux_2_17_aarch64.manylinux_2_28_aarch64.whl", hash = "sha256:9c57bb8c96f6d1808c030b1687b9b5fb476abaa47f0db9c0101f5e9f394e97f4"},
    {file = "PyYAML-6.0.3-cp38-cp38-manylinux2014_s390x.manylinux_2_17_s390x.manylinux_2_28_s390x.whl", hash = "sha256:efd7b85f94a6f21e4932043973a7ba2613b059c4a000551892ac9f1d11f5baf3"},
    {file = "PyYAML-6.0.3-cp38-cp38-manylinux2014_x86_64.manylinux_2_17_x86_64.manylinux_2_28_x86_64.whl", hash = "sha256:22ba7cfcad58ef3ecddc7ed1db3409af68d023b7f940da23c6c2a1890976eda6"},
    {file = "PyYAML-6.0.3-cp38-cp38-musllinux_1_2_x86_64.whl", hash = "sha256:6344df0d5755a2c9a276d4473ae6b90647e216ab4757f8426893b5dd2ac3f369"},
    {file = "PyYAML-6.0.3-cp38-cp38-win32.whl", hash = "sha256:3ff07ec89bae51176c0549bc4c63aa6202991da2d9a6129d7aef7f1407d3f295"},
    {file = "PyYAML-6.0.3-cp38-cp38-win_amd64.whl", hash = "sha256:5cf4e27da7e3fbed4d6c3d8e797387aaad68102272f8f9752883bc32d61cb87b"},
    {file = "pyyaml-6.0.3-cp310-cp310-macosx_10_13_x86_64.whl", hash = "sha256:214ed4befebe12df36bcc8bc2b64b396ca31be9304b8f59e25c11cf94a4c033b"},
    {file = "pyyaml-6.0.3-cp310-cp310-macosx_11_0_arm64.whl", hash = "sha256:02ea2dfa234451bbb8772601d7b8e426c2bfa197136796224e50e35a78777956"},
    {file = "pyyaml-6.0.3-cp310-cp310-manylinux2014_aarch64.manylinux_2_17_aarch64.manylinux_2_28_aarch64.whl", hash = "sha256:b30236e45cf30d2b8e7b3e85881719e98507abed1011bf463a8fa23e9c3e98a8"},
    {file = "pyyaml-6.0.3-cp310-cp310-manylinux2014_s390x.manylinux_2_17_s390x.manylinux_2_28_s390x.whl", hash = "sha256:66291b10affd76d76f54fad28e22e51719ef9ba22b29e1d7d03d6777a9174198"},
    {file = "pyyaml-6.0.3-cp310-cp310-manylinux2014_x86_64.manylinux_2_17_x86_64.manylinux_2_28_x86_64.whl", hash = "sha256:9c7708761fccb9397fe64bbc0395abcae8c4bf7b0eac081e12b809bf47700d0b"},
    {file = "pyyaml-6.0.3-cp310-cp310-musllinux_1_2_aarch64.whl", hash = "sha256:418cf3f2111bc80e0933b2cd8cd04f286338bb88bdc7bc8e6dd775ebde60b5e0"},
    {file = "pyyaml-6.0.3-cp310-cp310-musllinux_1_2_x86_64.whl", hash = "sha256:5e0b74767e5f8c593e8c9b5912019159ed0533c70051e9cce3e8b6aa699fcd69"},
    {file = "pyyaml-6.0.3-cp310-cp310-win32.whl", hash = "sha256:28c8d926f98f432f88adc23edf2e6d4921ac26fb084b028c733d01868d19007e"},
    {file = "pyyaml-6.0.3-cp310-cp310-win_amd64.whl", hash = "sha256:bdb2c67c6c1390b63c6ff89f210c8fd09d9a1217a465701eac7316313c915e4c"},
    {file = "pyyaml-6.0.3-cp311-cp311-macosx_10_13_x86_64.whl", hash = "sha256:44edc647873928551a01e7a563d7452ccdebee747728c1080d881d68af7b997e"},
    {file = "pyyaml-6.0.3-cp311-cp311-macosx_11_0_arm64.whl", hash = "sha256:652cb6edd41e718550aad172851962662ff2681490a8a711af6a4d288dd96824"},
    {file = "pyyaml-6.0.3-cp311-cp311-manylinux2014_aarch64.manylinux_2_17_aarch64.manylinux_2_28_aarch64.whl", hash = "sha256:10892704fc220243f5305762e276552a0395f7beb4dbf9b14ec8fd43b57f126c"},
    {file = "pyyaml-6.0.3-cp311-cp311-manylinux2014_s390x.manylinux_2_17_s390x.manylinux_2_28_s390x.whl", hash = "sha256:850774a7879607d3a6f50d36d04f00ee69e7fc816450e5f7e58d7f17f1ae5c00"},
    {file = "pyyaml-6.0.3-cp311-cp311-manylinux2014_x86_64.manylinux_2_17_x86_64.manylinux_2_28_x86_64.whl", hash = "sha256:b8bb0864c5a28024fac8a632c443c87c5aa6f215c0b126c449ae1a150412f31d"},
    {file = "pyyaml-6.0.3-cp311-cp311-musllinux_1_2_aarch64.whl", hash = "sha256:1d37d57ad971609cf3c53ba6a7e365e40660e3be0e5175fa9f2365a379d6095a"},
    {file = "pyyaml-6.0.3-cp311-cp311-musllinux_1_2_x86_64.whl", hash = "sha256:37503bfbfc9d2c40b344d06b2199cf0e96e97957ab1c1b546fd4f87e53e5d3e4"},
    {file = "pyyaml-6.0.3-cp311-cp311-win32.whl", hash = "sha256:8098f252adfa6c80ab48096053f512f2321f0b998f98150cea9bd23d83e1467b"},
    {file = "pyyaml-6.0.3-cp311-cp311-win_amd64.whl", hash = "sha256:9f3bfb4965eb874431221a3ff3fdcddc7e74e3b07799e0e84ca4a0f867d449bf"},
    {file = "pyyaml-6.0.3-cp312-cp312-macosx_10_13_x86_64.whl", hash = "sha256:7f047e29dcae44602496db43be01ad42fc6f1cc0d8cd6c83d342306c32270196"},
    {file = "pyyaml-6.0.3-cp312-cp312-macosx_11_0_arm64.whl", hash = "sha256:fc09d0aa354569bc501d4e787133afc08552722d3ab34836a80547331bb5d4a0"},
    {file = "pyyaml-6.0.3-cp312-cp312-manylinux2014_aarch64.manylinux_2_17_aarch64.manylinux_2_28_aarch64.whl", hash = "sha256:9149cad251584d5fb4981be1ecde53a1ca46c891a79788c0df828d2f166bda28"},
    {file = "pyyaml-6.0.3-cp312-cp312-manylinux2014_s390x.manylinux_2_17_s390x.manylinux_2_28_s390x.whl", hash = "sha256:5fdec68f91a0c6739b380c83b951e2c72ac0197ace422360e6d5a959d8d97b2c"},
    {file = "pyyaml-6.0.3-cp312-cp312-manylinux2014_x86_64.manylinux_2_17_x86_64.manylinux_2_28_x86_64.whl", hash = "sha256:ba1cc08a7ccde2d2ec775841541641e4548226580ab850948cbfda66a1befcdc"},
    {file = "pyyaml-6.0.3-cp312-cp312-musllinux_1_2_aarch64.whl", hash = "sha256:8dc52c23056b9ddd46818a57b78404882310fb473d63f17b07d5c40421e47f8e"},
    {file = "pyyaml-6.0.3-cp312-cp312-musllinux_1_2_x86_64.whl", hash = "sha256:41715c910c881bc081f1e8872880d3c650acf13dfa8214bad49ed4cede7c34ea"},
    {file = "pyyaml-6.0.3-cp312-cp312-win32.whl", hash = "sha256:96b533f0e99f6579b3d4d4995707cf36df9100d67e0c8303a0c55b27b5f99bc5"},
    {file = "pyyaml-6.0.3-cp312-cp312-win_amd64.whl", hash = "sha256:5fcd34e47f6e0b794d17de1b4ff496c00986e1c83f7ab2fb8fcfe9616ff7477b"},
    {file = "pyyaml-6.0.3-cp312-cp312-win_arm64.whl", hash = "sha256:64386e5e707d03a7e172c0701abfb7e10f0fb753ee1d773128192742712a98fd"},
    {file = "pyyaml-6.0.3-cp313-cp313-macosx_10_13_x86_64.whl", hash = "sha256:8da9669d359f02c0b91ccc01cac4a67f16afec0dac22c2ad09f46bee0697eba8"},
    {file = "pyyaml-6.0.3-cp313-cp313-macosx_11_0_arm64.whl", hash = "sha256:2283a07e2c21a2aa78d9c4442724ec1eb15f5e42a723b99cb3d822d48f5f7ad1"},
    {file = "pyyaml-6.0.3-cp313-cp313-manylinux2014_aarch64.manylinux_2_17_aarch64.manylinux_2_28_aarch64.whl", hash = "sha256:ee2922902c45ae8ccada2c5b501ab86c36525b883eff4255313a253a3160861c"},
    {file = "pyyaml-6.0.3-cp313-cp313-manylinux2014_s390x.manylinux_2_17_s390x.manylinux_2_28_s390x.whl", hash = "sha256:a33284e20b78bd4a18c8c2282d549d10bc8408a2a7ff57653c0cf0b9be0afce5"},
    {file = "pyyaml-6.0.3-cp313-cp313-manylinux2014_x86_64.manylinux_2_17_x86_64.manylinux_2_28_x86_64.whl", hash = "sha256:0f29edc409a6392443abf94b9cf89ce99889a1dd5376d94316ae5145dfedd5d6"},
    {file = "pyyaml-6.0.3-cp313-cp313-musllinux_1_2_aarch64.whl", hash = "sha256:f7057c9a337546edc7973c0d3ba84ddcdf0daa14533c2065749c9075001090e6"},
    {file = "pyyaml-6.0.3-cp313-cp313-musllinux_1_2_x86_64.whl", hash = "sha256:eda16858a3cab07b80edaf74336ece1f986ba330fdb8ee0d6c0d68fe82bc96be"},
    {file = "pyyaml-6.0.3-cp313-cp313-win32.whl", hash = "sha256:d0eae10f8159e8fdad514efdc92d74fd8d682c933a6dd088030f3834bc8e6b26"},
    {file = "pyyaml-6.0.3-cp313-cp313-win_amd64.whl", hash = "sha256:79005a0d97d5ddabfeeea4cf676af11e647e41d81c9a7722a193022accdb6b7c"},
    {file = "pyyaml-6.0.3-cp313-cp313-win_arm64.whl", hash = "sha256:5498cd1645aa724a7c71c8f378eb29ebe23da2fc0d7a08071d89469bf1d2defb"},
    {file = "pyyaml-6.0.3-cp314-cp314-macosx_10_13_x86_64.whl", hash = "sha256:8d1fab6bb153a416f9aeb4b8763bc0f22a5586065f86f7664fc23339fc1c1fac"},
    {file = "pyyaml-6.0.3-cp314-cp314-macosx_11_0_arm64.whl", hash = "sha256:34d5fcd24b8445fadc33f9cf348c1047101756fd760b4dacb5c3e99755703310"},
    {file = "pyyaml-6.0.3-cp314-cp314-manylinux2014_aarch64.manylinux_2_17_aarch64.manylinux_2_28_aarch64.whl", hash = "sha256:501a031947e3a9025ed4405a168e6ef5ae3126c59f90ce0cd6f2bfc477be31b7"},
    {file = "pyyaml-6.0.3-cp314-cp314-manylinux2014_s390x.manylinux_2_17_s390x.manylinux_2_28_s390x.whl", hash = "sha256:b3bc83488de33889877a0f2543ade9f70c67d66d9ebb4ac959502e12de895788"},
    {file = "pyyaml-6.0.3-cp314-cp314-manylinux2014_x86_64.manylinux_2_17_x86_64.manylinux_2_28_x86_64.whl", hash = "sha256:c458b6d084f9b935061bc36216e8a69a7e293a2f1e68bf956dcd9e6cbcd143f5"},
    {file = "pyyaml-6.0.3-cp314-cp314-musllinux_1_2_aarch64.whl", hash = "sha256:7c6610def4f163542a622a73fb39f534f8c101d690126992300bf3207eab9764"},
    {file = "pyyaml-6.0.3-cp314-cp314-musllinux_1_2_x86_64.whl", hash = "sha256:5190d403f121660ce8d1d2c1bb2ef1bd05b5f68533fc5c2ea899bd15f4399b35"},
    {file = "pyyaml-6.0.3-cp314-cp314-win_amd64.whl", hash = "sha256:4a2e8cebe2ff6ab7d1050ecd59c25d4c8bd7e6f400f5f82b96557ac0abafd0ac"},
    {file = "pyyaml-6.0.3-cp314-cp314-win_arm64.whl", hash = "sha256:93dda82c9c22deb0a405ea4dc5f2d0cda384168e466364dec6255b293923b2f3"},
    {file = "pyyaml-6.0.3-cp314-cp314t-macosx_10_13_x86_64.whl", hash = "sha256:02893d100e99e03eda1c8fd5c441d8c60103fd175728e23e431db1b589cf5ab3"},
    {file = "pyyaml-6.0.3-cp314-cp314t-macosx_11_0_arm64.whl", hash = "sha256:c1ff362665ae507275af2853520967820d9124984e0f7466736aea23d8611fba"},
    {file = "pyyaml-6.0.3-cp314-cp314t-manylinux2014_aarch64.manylinux_2_17_aarch64.manylinux_2_28_aarch64.whl", hash = "sha256:6adc77889b628398debc7b65c073bcb99c4a0237b248cacaf3fe8a557563ef6c"},
    {file = "pyyaml-6.0.3-cp314-cp314t-manylinux2014_s390x.manylinux_2_17_s390x.manylinux_2_28_s390x.whl", hash = "sha256:a80cb027f6b349846a3bf6d73b5e95e782175e52f22108cfa17876aaeff93702"},
    {file = "pyyaml-6.0.3-cp314-cp314t-manylinux2014_x86_64.manylinux_2_17_x86_64.manylinux_2_28_x86_64.whl", hash = "sha256:00c4bdeba853cc34e7dd471f16b4114f4162dc03e6b7afcc2128711f0eca823c"},
    {file = "pyyaml-6.0.3-cp314-cp314t-musllinux_1_2_aarch64.whl", hash = "sha256:66e1674c3ef6f541c35191caae2d429b967b99e02040f5ba928632d9a7f0f065"},
    {file = "pyyaml-6.0.3-cp314-cp314t-musllinux_1_2_x86_64.whl", hash = "sha256:16249ee61e95f858e83976573de0f5b2893b3677ba71c9dd36b9cf8be9ac6d65"},
    {file = "pyyaml-6.0.3-cp314-cp314t-win_amd64.whl", hash = "sha256:4ad1906908f2f5ae4e5a8ddfce73c320c2a1429ec52eafd27138b7f1cbe341c9"},
    {file = "pyyaml-6.0.3-cp314-cp314t-win_arm64.whl", hash = "sha256:ebc55a14a21cb14062aa4162f906cd962b28e2e9ea38f9b4391244cd8de4ae0b"},
    {file = "pyyaml-6.0.3-cp39-cp39-macosx_10_13_x86_64.whl", hash = "sha256:b865addae83924361678b652338317d1bd7e79b1f4596f96b96c77a5a34b34da"},
    {file = "pyyaml-6.0.3-cp39-cp39-macosx_11_0_arm64.whl", hash = "sha256:c3355370a2c156cffb25e876646f149d5d68f5e0a3ce86a5084dd0b64a994917"},
    {file = "pyyaml-6.0.3-cp39-cp39-manylinux2014_aarch64.manylinux_2_17_aarch64.manylinux_2_28_aarch64.whl", hash = "sha256:3c5677e12444c15717b902a5798264fa7909e41153cdf9ef7ad571b704a63dd9"},
    {file = "pyyaml-6.0.3-cp39-cp39-manylinux2014_s390x.manylinux_2_17_s390x.manylinux_2_28_s390x.whl", hash = "sha256:5ed875a24292240029e4483f9d4a4b8a1ae08843b9c54f43fcc11e404532a8a5"},
    {file = "pyyaml-6.0.3-cp39-cp39-manylinux2014_x86_64.manylinux_2_17_x86_64.manylinux_2_28_x86_64.whl", hash = "sha256:0150219816b6a1fa26fb4699fb7daa9caf09eb1999f3b70fb6e786805e80375a"},
    {file = "pyyaml-6.0.3-cp39-cp39-musllinux_1_2_aarch64.whl", hash = "sha256:fa160448684b4e94d80416c0fa4aac48967a969efe22931448d853ada8baf926"},
    {file = "pyyaml-6.0.3-cp39-cp39-musllinux_1_2_x86_64.whl", hash = "sha256:27c0abcb4a5dac13684a37f76e701e054692a9b2d3064b70f5e4eb54810553d7"},
    {file = "pyyaml-6.0.3-cp39-cp39-win32.whl", hash = "sha256:1ebe39cb5fc479422b83de611d14e2c0d3bb2a18bbcb01f229ab3cfbd8fee7a0"},
    {file = "pyyaml-6.0.3-cp39-cp39-win_amd64.whl", hash = "sha256:2e71d11abed7344e42a8849600193d15b6def118602c4c176f748e4583246007"},
    {file = "pyyaml-6.0.3.tar.gz", hash = "sha256:d76623373421df22fb4cf8817020cbb7ef15c725b9d5e45f17e189bfc384190f"},
]

[[package]]
name = "rapidfuzz"
version = "3.14.5"
description = "rapid fuzzy string matching"
optional = false
python-versions = ">=3.10"
groups = ["main"]
files = [
    {file = "rapidfuzz-3.14.5-cp310-cp310-macosx_10_9_x86_64.whl", hash = "sha256:071d96b957a33b9296b9284b6350a0fb6d030b154a04efd7c15e56b98b79a517"},
    {file = "rapidfuzz-3.14.5-cp310-cp310-macosx_11_0_arm64.whl", hash = "sha256:667f40fe9c81ad129b198d236881b00dd9e8314d9cc72d03c3e16bdfe5879051"},
    {file = "rapidfuzz-3.14.5-cp310-cp310-manylinux_2_26_aarch64.manylinux_2_28_aarch64.whl", hash = "sha256:f9fff308486bbd2c8c24f25e8e152c7594d3fe8db265a2d6a1ce24d58671127f"},
    {file = "rapidfuzz-3.14.5-cp310-cp310-manylinux_2_27_x86_64.manylinux_2_28_x86_64.whl", hash = "sha256:dfa552338f51aec280f17b02d28bace1e162d1a84ccd80e3339a57f98aedb56b"},
    {file = "rapidfuzz-3.14.5-cp310-cp310-manylinux_2_39_riscv64.whl", hash = "sha256:068b3e965ca9d9ee4debe40001ae7c3938ba646308afd33cf0c66618147db65c"},
    {file = "rapidfuzz-3.14.5-cp310-cp310-musllinux_1_2_aarch64.whl", hash = "sha256:88b7d31ff1cc5e9bc0e4406e6b1fa00b6d37163d50bb58091e9b976ff1129faa"},
    {file = "rapidfuzz-3.14.5-cp310-cp310-musllinux_1_2_riscv64.whl", hash = "sha256:eacb434410b8d9ca99a8d42352ef085cf423e3c76c1f0b86be2fcba3bff2952c"},
    {file = "rapidfuzz-3.14.5-cp310-cp310-musllinux_1_2_x86_64.whl", hash = "sha256:649712823f3abcdc48427147a5384fac15623ba435d0013959b52e6462521397"},
    {file = "rapidfuzz-3.14.5-cp310-cp310-win32.whl", hash = "sha256:13cb79c23ef5516e4c4e3830877be8b19aa75203636be1163d690d37803f6504"},
    {file = "rapidfuzz-3.14.5-cp310-cp310-win_amd64.whl", hash = "sha256:f2073495a7f9b75e57e600747ac09510d67683fd64d3228e009740b7ef88f9fe"},
    {file = "rapidfuzz-3.14.5-cp310-cp310-win_arm64.whl", hash = "sha256:8166efddea49fdbc61185559f47593239e4794fd7c9044dd5a789d1a90af852d"},
    {file = "rapidfuzz-3.14.5-cp311-cp311-macosx_10_9_x86_64.whl", hash = "sha256:e251126d48615e1f02b4a178f2cd0cd4f0332b8a019c01a2e10480f7552554b4"},
    {file = "rapidfuzz-3.14.5-cp311-cp311-macosx_11_0_arm64.whl", hash = "sha256:5ab449c9abd0d4e1f8145dce0798a4c822a1a1933d613c764a641bea88b8bdab"},
    {file = "rapidfuzz-3.14.5-cp311-cp311-manylinux_2_26_aarch64.manylinux_2_28_aarch64.whl", hash = "sha256:cb2829fedd672dd7107267189dabe2bbe07972801d636014417c6861eb89e358"},
    {file = "rapidfuzz-3.14.5-cp311-cp311-manylinux_2_27_x86_64.manylinux_2_28_x86_64.whl", hash = "sha256:3d50e5861872935fece391351cbb5ba21d1bced277cf5e1143d207a0a35f1925"},
    {file = "rapidfuzz-3.14.5-cp311-cp311-manylinux_2_39_riscv64.whl", hash = "sha256:7092a216728f80c960bd6b3807275d1ee318b168986bd5dc523349581d4890b8"},
    {file = "rapidfuzz-3.14.5-cp311-cp311-musllinux_1_2_aarch64.whl", hash = "sha256:9669753caef7fdc6529f6adcc5883ed98d65976445d9322e7dbdb6b697feee13"},
    {file = "rapidfuzz-3.14.5-cp311-cp311-musllinux_1_2_riscv64.whl", hash = "sha256:823b1b9d9230809d8edcc18872770764bfe8ef4357995e16744047c8ccf0e489"},
    {file = "rapidfuzz-3.14.5-cp311-cp311-musllinux_1_2_x86_64.whl", hash = "sha256:f0b2af76b7e7060c09e1a0dfa9410eb19369cbe6164509bff2ef94094b54d2b6"},
    {file = "rapidfuzz-3.14.5-cp311-cp311-win32.whl", hash = "sha256:c5801a89604c65ab4cc9e91b23bc4076d0ca80efd8c976fb63843d7879a85d7f"},
    {file = "rapidfuzz-3.14.5-cp311-cp311-win_amd64.whl", hash = "sha256:d7ca16637c0ede8243f84074044bd0b2335a0341421f8227c85756de2d18c819"},
    {file = "rapidfuzz-3.14.5-cp311-cp311-win_arm64.whl", hash = "sha256:8c90cdf8516d9057e502aa6003cea71cf5ec27cc44699ca52412b502a04761bb"},
    {file = "rapidfuzz-3.14.5-cp312-cp312-macosx_10_13_x86_64.whl", hash = "sha256:0d3378f471ef440473a396ce2f8e97ee12f89a78b495540e0a5617bbfe895638"},
    {file = "rapidfuzz-3.14.5-cp312-cp312-macosx_11_0_arm64.whl", hash = "sha256:1e910eebca9fd0eba245c0555e764597e8a0cccb673a92da2dc2397050725f48"},
    {file = "rapidfuzz-3.14.5-cp312-cp312-manylinux_2_26_aarch64.manylinux_2_28_aarch64.whl", hash = "sha256:01550fe5f60fd176aa66b7611289d46dc4aa4b1b904874c7b6d1d54e581c5ec1"},
    {file = "rapidfuzz-3.14.5-cp312-cp312-manylinux_2_27_x86_64.manylinux_2_28_x86_64.whl", hash = "sha256:48bee0b91bebfaec41e1081e351000659ab7570cc4598d617aa04d5bf827f9e6"},
    {file = "rapidfuzz-3.14.5-cp312-cp312-manylinux_2_39_riscv64.whl", hash = "sha256:7e580cb04ad849ae9b786fa21383c6b994b6e6c1444ad1cb9f22392759d72741"},
    {file = "rapidfuzz-3.14.5-cp312-cp312-musllinux_1_2_aarch64.whl", hash = "sha256:09d6c9ba091854f07817055d795d604179c12a8f308ba4c7d56f3719dfea1646"},
    {file = "rapidfuzz-3.14.5-cp312-cp312-musllinux_1_2_riscv64.whl", hash = "sha256:1e989f86113be66574113b9c7bdf4793f3f863d248e47d911b355e05ca6b6b10"},
    {file = "rapidfuzz-3.14.5-cp312-cp312-musllinux_1_2_x86_64.whl", hash = "sha256:0ebd1a18e2e47bc0b292a07e6ed9c3642f8aaa672d12253885f599b50807a4f9"},
    {file = "rapidfuzz-3.14.5-cp312-cp312-win32.whl", hash = "sha256:9981d38a703b86f0e315a3cd229fd1906fe1d91c989ed121fb975b3c849f89f5"},
    {file = "rapidfuzz-3.14.5-cp312-cp312-win_amd64.whl", hash = "sha256:d8375e3da319593389727c3187ccaf3e0e84199accc530866b8e0f2b79af05e9"},
    {file = "rapidfuzz-3.14.5-cp312-cp312-win_arm64.whl", hash = "sha256:478b59bb018a6780d73f33e38d0b3ec5e968a6c1ed42876b993dd456b7aa20e8"},
    {file = "rapidfuzz-3.14.5-cp313-cp313-macosx_10_13_x86_64.whl", hash = "sha256:ebd8fd343bf8492a1e60bcb6dc99f90f74f65d98d8241a6b3e1fed225b76ecd6"},
    {file = "rapidfuzz-3.14.5-cp313-cp313-macosx_11_0_arm64.whl", hash = "sha256:6737b35d5af7479c5bf9710f7b17edd9d2c43128d974d25fb4ea653e42c64609"},
    {file = "rapidfuzz-3.14.5-cp313-cp313-manylinux_2_26_aarch64.manylinux_2_28_aarch64.whl", hash = "sha256:b002c7994cc9f2bc9d9856f0fbaee6e8072c983873846c92f25cefba5b2a925f"},
    {file = "rapidfuzz-3.14.5-cp313-cp313-manylinux_2_27_x86_64.manylinux_2_28_x86_64.whl", hash = "sha256:17a34330cd2a538c1ce5d400b61ba358c5b72c654b928ff87b362e88f8b864c7"},
    {file = "rapidfuzz-3.14.5-cp313-cp313-manylinux_2_39_riscv64.whl", hash = "sha256:95d937e74c1a7a1287dfb03b62a827be08ede10a155cf1af73bbf47f2b73ee6e"},
    {file = "rapidfuzz-3.14.5-cp313-cp313-musllinux_1_2_aarch64.whl", hash = "sha256:46b92a9970dcc34f0096901c792644094cab49554ac3547f35e3aebbdf0a3610"},
    {file = "rapidfuzz-3.14.5-cp313-cp313-musllinux_1_2_riscv64.whl", hash = "sha256:e012177c8e8a8a0754ae0d6027d63042aa5ff036d9f40f07cb3466a6082e21b8"},
    {file = "rapidfuzz-3.14.5-cp313-cp313-musllinux_1_2_x86_64.whl", hash = "sha256:a2ae6f53f99c9a0eca7a0afc5b4e45fc73bc1dd4ac74c00509031d76df80ed98"},
    {file = "rapidfuzz-3.14.5-cp313-cp313-win32.whl", hash = "sha256:4a60f0057231188e3bd30216f7b4e0f279b11fa4ec818bb6c1d9f014d1562fbc"},
    {file = "rapidfuzz-3.14.5-cp313-cp313-win_amd64.whl", hash = "sha256:11bfc2ed8fbe4ab86bd516fadefab126f90e6dcadffa761739fcb304707dfd35"},
    {file = "rapidfuzz-3.14.5-cp313-cp313-win_arm64.whl", hash = "sha256:b486b5218808f6f4dc471b114b1054e63553db69705c97da0271f47bd706aedd"},
    {file = "rapidfuzz-3.14.5-cp313-cp313t-macosx_10_13_x86_64.whl", hash = "sha256:39ef8658aaf67d51667e7bdaf7096f432333377d8302ac43c70b5df8a4cf89b8"},
    {file = "rapidfuzz-3.14.5-cp313-cp313t-macosx_11_0_arm64.whl", hash = "sha256:9ad37a0be705b544af6296da8edddc260d10a8ae5462530fc9991f66498bb1f9"},
    {file = "rapidfuzz-3.14.5-cp313-cp313t-manylinux_2_26_aarch64.manylinux_2_28_aarch64.whl", hash = "sha256:d45e06f60729e07d9b20c205f7e5cff90b6ef2584e852eecf46e045aea69627d"},
    {file = "rapidfuzz-3.14.5-cp313-cp313t-manylinux_2_27_x86_64.manylinux_2_28_x86_64.whl", hash = "sha256:e52da10236aa6212de71b9e170bace65b64b129c0dea7fc243d6c9ce976f5074"},
    {file = "rapidfuzz-3.14.5-cp313-cp313t-manylinux_2_39_riscv64.whl", hash = "sha256:440d30faaf682ca496170a7f0cc5453ec942e3e079f0fd802c9a7f938dfb50a3"},
    {file = "rapidfuzz-3.14.5-cp313-cp313t-musllinux_1_2_aarch64.whl", hash = "sha256:56227a61fd3d17b0cd9793132431f3a3d07c8654be96794ba9f89fe0fc8b2d09"},
    {file = "rapidfuzz-3.14.5-cp313-cp313t-musllinux_1_2_riscv64.whl", hash = "sha256:2e83cd2e25bb4edd97b689d9979d9c3acccdaaf26ceac08212ceece202febcfa"},
    {file = "rapidfuzz-3.14.5-cp313-cp313t-musllinux_1_2_x86_64.whl", hash = "sha256:af3b859726cd3374287e405e14b9634563c078c5531a4f62375508addebddad1"},
    {file = "rapidfuzz-3.14.5-cp313-cp313t-win32.whl", hash = "sha256:8ce1d850b3c0178440efde9e884d98421b5e87ff925f364d6d79e23910d7593f"},
    {file = "rapidfuzz-3.14.5-cp313-cp313t-win_amd64.whl", hash = "sha256:c84af70bcf34e99aee894e46a0f1ac77f17d0ef828179c387407642e2466d28a"},
    {file = "rapidfuzz-3.14.5-cp313-cp313t-win_arm64.whl", hash = "sha256:aac0ad28c686a5e72b81668b906c030ee28050b244544b8af68e12fb32543895"},
    {file = "rapidfuzz-3.14.5-cp314-cp314-macosx_10_15_x86_64.whl", hash = "sha256:1a31cc6d7d03e7318a0974c038959c59e19c752b81115f2e9138b3331cd64d45"},
    {file = "rapidfuzz-3.14.5-cp314-cp314-macosx_11_0_arm64.whl", hash = "sha256:0298d357e2bc59d572da4db0bc631009b6f8f6c9bc8c11e99a12b833f16b6575"},
    {file = "rapidfuzz-3.14.5-cp314-cp314-manylinux_2_26_aarch64.manylinux_2_28_aarch64.whl", hash = "sha256:59b3dba758661a318995655435c6ab20a04ade79fa51e75bc8dc107cac8df280"},
    {file = "rapidfuzz-3.14.5-cp314-cp314-manylinux_2_27_x86_64.manylinux_2_28_x86_64.whl", hash = "sha256:4900143d82071bdda533b00300c40b14b963ff826b3642cc463b6dd0f036585e"},
    {file = "rapidfuzz-3.14.5-cp314-cp314-manylinux_2_39_riscv64.whl", hash = "sha256:feedf219672eef83ea6be6f3bb093bba396a8560fc75be85ba225f082903df0a"},
    {file = "rapidfuzz-3.14.5-cp314-cp314-musllinux_1_2_aarch64.whl", hash = "sha256:419e4397a36e2665ec992d8d64c20ba4b2a42500c76ecadeca78a4f19cb9cc32"},
    {file = "rapidfuzz-3.14.5-cp314-cp314-musllinux_1_2_riscv64.whl", hash = "sha256:97131ab2be39043054ee28d99e09efe316e6d53449b7e962dfcf3c2de8b2b246"},
    {file = "rapidfuzz-3.14.5-cp314-cp314-musllinux_1_2_x86_64.whl", hash = "sha256:593c00dac4e30231c35bf3b4f1da8ec0998762e9e94425586a5d636fcd57f9d0"},
    {file = "rapidfuzz-3.14.5-cp314-cp314-win32.whl", hash = "sha256:0084b687b02b4e569b46d8d6d4ad25659528e6081cd6d067ca453a69035f07e4"},
    {file = "rapidfuzz-3.14.5-cp314-cp314-win_amd64.whl", hash = "sha256:5dfa89d78f22cd773054caff44827b846161a29f2dcf7e78b8f90d086621e502"},
    {file = "rapidfuzz-3.14.5-cp314-cp314-win_arm64.whl", hash = "sha256:67f3f9d2b444268ab53e47d31bab89954888d23c04c6789f2c727e51fe4b1d13"},
    {file = "rapidfuzz-3.14.5-cp314-cp314t-macosx_10_15_x86_64.whl", hash = "sha256:77eac0526899b3c3ad1454bb2b03cdb491d67358ec8ef0c9c48bd61b632b431d"},
    {file = "rapidfuzz-3.14.5-cp314-cp314t-macosx_11_0_arm64.whl", hash = "sha256:b9c6bd754d11f6e78ac54e3d86b4b11dc1ba2f13e5fc958899574532897f5a99"},
    {file = "rapidfuzz-3.14.5-cp314-cp314t-manylinux_2_26_aarch64.manylinux_2_28_aarch64.whl", hash = "sha256:738c96944d076deeaff70e92b65696ab4f7ecb8081d7791c5403a3257dfaf8ff"},
    {file = "rapidfuzz-3.14.5-cp314-cp314t-manylinux_2_27_x86_64.manylinux_2_28_x86_64.whl", hash = "sha256:f4c1bca487a17fe4226b4ffb2d30e799d2b274d692cffa76bd0746f56235fca3"},
    {file = "rapidfuzz-3.14.5-cp314-cp314t-manylinux_2_39_riscv64.whl", hash = "sha256:af6a90a4ed2a48fa1a2d17e9d824e6c7c950bea5bad0b707c77fd55751e6bfef"},
    {file = "rapidfuzz-3.14.5-cp314-cp314t-musllinux_1_2_aarch64.whl", hash = "sha256:bf5018938208d4597b2e679a4f8cff9fd252f1df53583130ae56281a21801b64"},
    {file = "rapidfuzz-3.14.5-cp314-cp314t-musllinux_1_2_riscv64.whl", hash = "sha256:c0919d1f89ddf91129906705723118ea09754171e4116f5a5dbc667c7bc9b261"},
    {file = "rapidfuzz-3.14.5-cp314-cp314t-musllinux_1_2_x86_64.whl", hash = "sha256:93d8da883a35116d6813432177f35e570db5b0a5e30ecb0cbd7cb39c815735df"},
    {file = "rapidfuzz-3.14.5-cp314-cp314t-win32.whl", hash = "sha256:0f23e37019ec07712d58976b1ab2b889f8649a7f7c2f626a2f34ea9139e79279"},
    {file = "rapidfuzz-3.14.5-cp314-cp314t-win_amd64.whl", hash = "sha256:7d5ca9c7832e6879a707296d1463685f7c243a27846227044504741640caec66"},
    {file = "rapidfuzz-3.14.5-cp314-cp314t-win_arm64.whl", hash = "sha256:3e91dcd2549b8f8d843f98ba03a17e01f3d8b72ce942adbbb6761bc58ffce813"},
    {file = "rapidfuzz-3.14.5-pp311-pypy311_pp73-macosx_10_15_x86_64.whl", hash = "sha256:578e6051f6d5e6200c259b47a103cf06bb875ab5814d17333fc0b5c290b22f4c"},
    {file = "rapidfuzz-3.14.5-pp311-pypy311_pp73-macosx_11_0_arm64.whl", hash = "sha256:fbf1b8bb2695415b347f3727da1addca2acb82c9b97ac86bebf8b1bead1eb12d"},
    {file = "rapidfuzz-3.14.5-pp311-pypy311_pp73-manylinux_2_26_aarch64.manylinux_2_28_aarch64.whl", hash = "sha256:8f4a8f5cc84c7ad6bffa0e9947b33eb343ad66e6b53e94fe54378a5508c5ed53"},
    {file = "rapidfuzz-3.14.5-pp311-pypy311_pp73-manylinux_2_27_x86_64.manylinux_2_28_x86_64.whl", hash = "sha256:97c6d85283629646fa87acc22c66b30ea9d4de7f6fdf887daa2e30fa041829b5"},
    {file = "rapidfuzz-3.14.5-pp311-pypy311_pp73-win_amd64.whl", hash = "sha256:dfef96543ced67d9513a422755db422ae1dc34dade0a1485e0b43e7342ed3ebf"},
    {file = "rapidfuzz-3.14.5.tar.gz", hash = "sha256:ba10ac57884ce82112f7ed910b67e7fb6072d8ef2c06e30dc63c0f604a112e0e"},
]

[package.extras]
all = ["numpy"]

[[package]]
name = "smmap"
version = "5.0.3"
description = "A pure Python implementation of a sliding window memory map manager"
optional = false
python-versions = ">=3.7"
groups = ["main"]
files = [
    {file = "smmap-5.0.3-py3-none-any.whl", hash = "sha256:c106e05d5a61449cf6ba9a1e650227ecfb141590d2a98412103ff35d89fc7b2f"},
    {file = "smmap-5.0.3.tar.gz", hash = "sha256:4d9debb8b99007ae47165abc08670bd74cb74b5227dda7f643eccc4e9eb5642c"},
]

[[package]]
name = "toml"
version = "0.10.2"
description = "Python Library for Tom's Obvious, Minimal Language"
optional = false
python-versions = ">=2.6, !=3.0.*, !=3.1.*, !=3.2.*"
groups = ["main"]
files = [
    {file = "toml-0.10.2-py2.py3-none-any.whl", hash = "sha256:806143ae5bfb6a3c6e736a764057db0e6a0e05e338b5630894a5f779cabb4f9b"},
    {file = "toml-0.10.2.tar.gz", hash = "sha256:b3bda1d108d5dd99f4a20d24d9c348e91c4db7ab1b749200bded2f839ccbe68f"},
]

[[package]]
name = "watchdog"
version = "4.0.2"
description = "Filesystem events monitoring"
optional = false
python-versions = ">=3.8"
groups = ["main"]
files = [
    {file = "watchdog-4.0.2-cp310-cp310-macosx_10_9_universal2.whl", hash = "sha256:ede7f010f2239b97cc79e6cb3c249e72962404ae3865860855d5cbe708b0fd22"},
    {file = "watchdog-4.0.2-cp310-cp310-macosx_10_9_x86_64.whl", hash = "sha256:a2cffa171445b0efa0726c561eca9a27d00a1f2b83846dbd5a4f639c4f8ca8e1"},
    {file = "watchdog-4.0.2-cp310-cp310-macosx_11_0_arm64.whl", hash = "sha256:c50f148b31b03fbadd6d0b5980e38b558046b127dc483e5e4505fcef250f9503"},
    {file = "watchdog-4.0.2-cp311-cp311-macosx_10_9_universal2.whl", hash = "sha256:7c7d4bf585ad501c5f6c980e7be9c4f15604c7cc150e942d82083b31a7548930"},
    {file = "watchdog-4.0.2-cp311-cp311-macosx_10_9_x86_64.whl", hash = "sha256:914285126ad0b6eb2258bbbcb7b288d9dfd655ae88fa28945be05a7b475a800b"},
    {file = "watchdog-4.0.2-cp311-cp311-macosx_11_0_arm64.whl", hash = "sha256:984306dc4720da5498b16fc037b36ac443816125a3705dfde4fd90652d8028ef"},
    {file = "watchdog-4.0.2-cp312-cp312-macosx_10_9_universal2.whl", hash = "sha256:1cdcfd8142f604630deef34722d695fb455d04ab7cfe9963055df1fc69e6727a"},
    {file = "watchdog-4.0.2-cp312-cp312-macosx_10_9_x86_64.whl", hash = "sha256:d7ab624ff2f663f98cd03c8b7eedc09375a911794dfea6bf2a359fcc266bff29"},
    {file = "watchdog-4.0.2-cp312-cp312-macosx_11_0_arm64.whl", hash = "sha256:132937547a716027bd5714383dfc40dc66c26769f1ce8a72a859d6a48f371f3a"},
    {file = "watchdog-4.0.2-cp313-cp313-macosx_10_13_universal2.whl", hash = "sha256:cd67c7df93eb58f360c43802acc945fa8da70c675b6fa37a241e17ca698ca49b"},
    {file = "watchdog-4.0.2-cp313-cp313-macosx_10_13_x86_64.whl", hash = "sha256:bcfd02377be80ef3b6bc4ce481ef3959640458d6feaae0bd43dd90a43da90a7d"},
    {file = "watchdog-4.0.2-cp313-cp313-macosx_11_0_arm64.whl", hash = "sha256:980b71510f59c884d684b3663d46e7a14b457c9611c481e5cef08f4dd022eed7"},
    {file = "watchdog-4.0.2-cp38-cp38-macosx_10_9_universal2.whl", hash = "sha256:aa160781cafff2719b663c8a506156e9289d111d80f3387cf3af49cedee1f040"},
    {file = "watchdog-4.0.2-cp38-cp38-macosx_10_9_x86_64.whl", hash = "sha256:f6ee8dedd255087bc7fe82adf046f0b75479b989185fb0bdf9a98b612170eac7"},
    {file = "watchdog-4.0.2-cp38-cp38-macosx_11_0_arm64.whl", hash = "sha256:0b4359067d30d5b864e09c8597b112fe0a0a59321a0f331498b013fb097406b4"},
    {file = "watchdog-4.0.2-cp39-cp39-macosx_10_9_universal2.whl", hash = "sha256:770eef5372f146997638d737c9a3c597a3b41037cfbc5c41538fc27c09c3a3f9"},
    {file = "watchdog-4.0.2-cp39-cp39-macosx_10_9_x86_64.whl", hash = "sha256:eeea812f38536a0aa859972d50c76e37f4456474b02bd93674d1947cf1e39578"},
    {file = "watchdog-4.0.2-cp39-cp39-macosx_11_0_arm64.whl", hash = "sha256:b2c45f6e1e57ebb4687690c05bc3a2c1fb6ab260550c4290b8abb1335e0fd08b"},
    {file = "watchdog-4.0.2-pp310-pypy310_pp73-macosx_10_15_x86_64.whl", hash = "sha256:10b6683df70d340ac3279eff0b2766813f00f35a1d37515d2c99959ada8f05fa"},
    {file = "watchdog-4.0.2-pp310-pypy310_pp73-macosx_11_0_arm64.whl", hash = "sha256:f7c739888c20f99824f7aa9d31ac8a97353e22d0c0e54703a547a218f6637eb3"},
    {file = "watchdog-4.0.2-pp38-pypy38_pp73-macosx_10_9_x86_64.whl", hash = "sha256:c100d09ac72a8a08ddbf0629ddfa0b8ee41740f9051429baa8e31bb903ad7508"},
    {file = "watchdog-4.0.2-pp38-pypy38_pp73-macosx_11_0_arm64.whl", hash = "sha256:f5315a8c8dd6dd9425b974515081fc0aadca1d1d61e078d2246509fd756141ee"},
    {file = "watchdog-4.0.2-pp39-pypy39_pp73-macosx_10_15_x86_64.whl", hash = "sha256:2d468028a77b42cc685ed694a7a550a8d1771bb05193ba7b24006b8241a571a1"},
    {file = "watchdog-4.0.2-pp39-pypy39_pp73-macosx_11_0_arm64.whl", hash = "sha256:f15edcae3830ff20e55d1f4e743e92970c847bcddc8b7509bcd172aa04de506e"},
    {file = "watchdog-4.0.2-py3-none-manylinux2014_aarch64.whl", hash = "sha256:936acba76d636f70db8f3c66e76aa6cb5136a936fc2a5088b9ce1c7a3508fc83"},
    {file = "watchdog-4.0.2-py3-none-manylinux2014_armv7l.whl", hash = "sha256:e252f8ca942a870f38cf785aef420285431311652d871409a64e2a0a52a2174c"},
    {file = "watchdog-4.0.2-py3-none-manylinux2014_i686.whl", hash = "sha256:0e83619a2d5d436a7e58a1aea957a3c1ccbf9782c43c0b4fed80580e5e4acd1a"},
    {file = "watchdog-4.0.2-py3-none-manylinux2014_ppc64.whl", hash = "sha256:88456d65f207b39f1981bf772e473799fcdc10801062c36fd5ad9f9d1d463a73"},
    {file = "watchdog-4.0.2-py3-none-manylinux2014_ppc64le.whl", hash = "sha256:32be97f3b75693a93c683787a87a0dc8db98bb84701539954eef991fb35f5fbc"},
    {file = "watchdog-4.0.2-py3-none-manylinux2014_s390x.whl", hash = "sha256:c82253cfc9be68e3e49282831afad2c1f6593af80c0daf1287f6a92657986757"},
    {file = "watchdog-4.0.2-py3-none-manylinux2014_x86_64.whl", hash = "sha256:c0b14488bd336c5b1845cee83d3e631a1f8b4e9c5091ec539406e4a324f882d8"},
    {file = "watchdog-4.0.2-py3-none-win32.whl", hash = "sha256:0d8a7e523ef03757a5aa29f591437d64d0d894635f8a50f370fe37f913ce4e19"},
    {file = "watchdog-4.0.2-py3-none-win_amd64.whl", hash = "sha256:c344453ef3bf875a535b0488e3ad28e341adbd5a9ffb0f7d62cefacc8824ef2b"},
    {file = "watchdog-4.0.2-py3-none-win_ia64.whl", hash = "sha256:baececaa8edff42cd16558a639a9b0ddf425f93d892e8392a56bf904f5eff22c"},
    {file = "watchdog-4.0.2.tar.gz", hash = "sha256:b4dfbb6c49221be4535623ea4474a4d6ee0a9cef4a80b20c28db4d858b64e270"},
]

[package.extras]
watchmedo = ["PyYAML (>=3.10)"]

[metadata]
lock-version = "2.1"
python-versions = ">=3.10"
content-hash = "03b7ea818e135b9ff9cd4241aeda1b1c6c0ad6abec901d622068e5b6d7d7159c"
